// !$*UTF8*$!
{
	archiveVersion = 1;
	classes = {
	};
	objectVersion = 46;
	objects = {

/* Begin PBXBuildFile section */
		E00C88581AE5303000862938 /* T2GDragAndDropView.swift in Sources */ = {isa = PBXBuildFile; fileRef = E00C88571AE5303000862938 /* T2GDragAndDropView.swift */; };
		E01285641ADFF345007EA890 /* AppDelegate.swift in Sources */ = {isa = PBXBuildFile; fileRef = E01285631ADFF345007EA890 /* AppDelegate.swift */; };
		E01285661ADFF345007EA890 /* ExampleViewController.swift in Sources */ = {isa = PBXBuildFile; fileRef = E01285651ADFF345007EA890 /* ExampleViewController.swift */; };
		E01285691ADFF345007EA890 /* Main.storyboard in Resources */ = {isa = PBXBuildFile; fileRef = E01285671ADFF345007EA890 /* Main.storyboard */; };
		E012856B1ADFF345007EA890 /* Images.xcassets in Resources */ = {isa = PBXBuildFile; fileRef = E012856A1ADFF345007EA890 /* Images.xcassets */; };
		E012856E1ADFF345007EA890 /* LaunchScreen.xib in Resources */ = {isa = PBXBuildFile; fileRef = E012856C1ADFF345007EA890 /* LaunchScreen.xib */; };
		E012857A1ADFF345007EA890 /* SingleViewTests.swift in Sources */ = {isa = PBXBuildFile; fileRef = E01285791ADFF345007EA890 /* SingleViewTests.swift */; };
		E012858C1ADFF368007EA890 /* T2GCell.swift in Sources */ = {isa = PBXBuildFile; fileRef = E01285841ADFF368007EA890 /* T2GCell.swift */; };
		E012858D1ADFF368007EA890 /* T2GCellDrawerButton.swift in Sources */ = {isa = PBXBuildFile; fileRef = E01285851ADFF368007EA890 /* T2GCellDrawerButton.swift */; };
		E012858E1ADFF368007EA890 /* T2GCheckboxButton.swift in Sources */ = {isa = PBXBuildFile; fileRef = E01285861ADFF368007EA890 /* T2GCheckboxButton.swift */; };
		E012858F1ADFF368007EA890 /* T2GColoredButton.swift in Sources */ = {isa = PBXBuildFile; fileRef = E01285871ADFF368007EA890 /* T2GColoredButton.swift */; };
		E01285901ADFF368007EA890 /* T2GNaviViewController.swift in Sources */ = {isa = PBXBuildFile; fileRef = E01285881ADFF368007EA890 /* T2GNaviViewController.swift */; };
		E01285911ADFF368007EA890 /* T2GScrollController.swift in Sources */ = {isa = PBXBuildFile; fileRef = E01285891ADFF368007EA890 /* T2GScrollController.swift */; };
		E01285921ADFF368007EA890 /* T2GScrollView.swift in Sources */ = {isa = PBXBuildFile; fileRef = E012858A1ADFF368007EA890 /* T2GScrollView.swift */; };
		E01285931ADFF368007EA890 /* T2GViewController.swift in Sources */ = {isa = PBXBuildFile; fileRef = E012858B1ADFF368007EA890 /* T2GViewController.swift */; };
		E05B617B1AF27AE400B1268F /* T2GTabBarViewController.swift in Sources */ = {isa = PBXBuildFile; fileRef = E05B617A1AF27AE400B1268F /* T2GTabBarViewController.swift */; };
		E05B61811AF28EAD00B1268F /* T2GTabBarTransition.swift in Sources */ = {isa = PBXBuildFile; fileRef = E05B61801AF28EAD00B1268F /* T2GTabBarTransition.swift */; };
		E0AA5C501AE64E59005ABFAA /* T2GDelimiterView.swift in Sources */ = {isa = PBXBuildFile; fileRef = E0AA5C4F1AE64E59005ABFAA /* T2GDelimiterView.swift */; };
		E0AA5C541AE9194E005ABFAA /* T2GConstants.swift in Sources */ = {isa = PBXBuildFile; fileRef = E0AA5C531AE9194E005ABFAA /* T2GConstants.swift */; };
/* End PBXBuildFile section */

/* Begin PBXContainerItemProxy section */
		E01285741ADFF345007EA890 /* PBXContainerItemProxy */ = {
			isa = PBXContainerItemProxy;
			containerPortal = E01285561ADFF345007EA890 /* Project object */;
			proxyType = 1;
			remoteGlobalIDString = E012855D1ADFF345007EA890;
			remoteInfo = SingleView;
		};
/* End PBXContainerItemProxy section */

/* Begin PBXFileReference section */
		E00C88571AE5303000862938 /* T2GDragAndDropView.swift */ = {isa = PBXFileReference; fileEncoding = 4; lastKnownFileType = sourcecode.swift; name = T2GDragAndDropView.swift; path = ../../../Table2Grid/T2GDragAndDropView.swift; sourceTree = "<group>"; };
		E012855E1ADFF345007EA890 /* SingleView.app */ = {isa = PBXFileReference; explicitFileType = wrapper.application; includeInIndex = 0; path = SingleView.app; sourceTree = BUILT_PRODUCTS_DIR; };
		E01285621ADFF345007EA890 /* Info.plist */ = {isa = PBXFileReference; lastKnownFileType = text.plist.xml; path = Info.plist; sourceTree = "<group>"; };
		E01285631ADFF345007EA890 /* AppDelegate.swift */ = {isa = PBXFileReference; lastKnownFileType = sourcecode.swift; path = AppDelegate.swift; sourceTree = "<group>"; };
		E01285651ADFF345007EA890 /* ExampleViewController.swift */ = {isa = PBXFileReference; lastKnownFileType = sourcecode.swift; path = ExampleViewController.swift; sourceTree = "<group>"; };
		E01285681ADFF345007EA890 /* Base */ = {isa = PBXFileReference; lastKnownFileType = file.storyboard; name = Base; path = Base.lproj/Main.storyboard; sourceTree = "<group>"; };
		E012856A1ADFF345007EA890 /* Images.xcassets */ = {isa = PBXFileReference; lastKnownFileType = folder.assetcatalog; path = Images.xcassets; sourceTree = "<group>"; };
		E012856D1ADFF345007EA890 /* Base */ = {isa = PBXFileReference; lastKnownFileType = file.xib; name = Base; path = Base.lproj/LaunchScreen.xib; sourceTree = "<group>"; };
		E01285731ADFF345007EA890 /* SingleViewTests.xctest */ = {isa = PBXFileReference; explicitFileType = wrapper.cfbundle; includeInIndex = 0; path = SingleViewTests.xctest; sourceTree = BUILT_PRODUCTS_DIR; };
		E01285781ADFF345007EA890 /* Info.plist */ = {isa = PBXFileReference; lastKnownFileType = text.plist.xml; path = Info.plist; sourceTree = "<group>"; };
		E01285791ADFF345007EA890 /* SingleViewTests.swift */ = {isa = PBXFileReference; lastKnownFileType = sourcecode.swift; path = SingleViewTests.swift; sourceTree = "<group>"; };
		E01285841ADFF368007EA890 /* T2GCell.swift */ = {isa = PBXFileReference; fileEncoding = 4; lastKnownFileType = sourcecode.swift; name = T2GCell.swift; path = ../../../Table2Grid/T2GCell.swift; sourceTree = "<group>"; };
		E01285851ADFF368007EA890 /* T2GCellDrawerButton.swift */ = {isa = PBXFileReference; fileEncoding = 4; lastKnownFileType = sourcecode.swift; name = T2GCellDrawerButton.swift; path = ../../../Table2Grid/T2GCellDrawerButton.swift; sourceTree = "<group>"; };
		E01285861ADFF368007EA890 /* T2GCheckboxButton.swift */ = {isa = PBXFileReference; fileEncoding = 4; lastKnownFileType = sourcecode.swift; name = T2GCheckboxButton.swift; path = ../../../Table2Grid/T2GCheckboxButton.swift; sourceTree = "<group>"; };
		E01285871ADFF368007EA890 /* T2GColoredButton.swift */ = {isa = PBXFileReference; fileEncoding = 4; lastKnownFileType = sourcecode.swift; name = T2GColoredButton.swift; path = ../../../Table2Grid/T2GColoredButton.swift; sourceTree = "<group>"; };
		E01285881ADFF368007EA890 /* T2GNaviViewController.swift */ = {isa = PBXFileReference; fileEncoding = 4; lastKnownFileType = sourcecode.swift; name = T2GNaviViewController.swift; path = ../../../Table2Grid/T2GNaviViewController.swift; sourceTree = "<group>"; };
		E01285891ADFF368007EA890 /* T2GScrollController.swift */ = {isa = PBXFileReference; fileEncoding = 4; lastKnownFileType = sourcecode.swift; name = T2GScrollController.swift; path = ../../../Table2Grid/T2GScrollController.swift; sourceTree = "<group>"; };
		E012858A1ADFF368007EA890 /* T2GScrollView.swift */ = {isa = PBXFileReference; fileEncoding = 4; lastKnownFileType = sourcecode.swift; name = T2GScrollView.swift; path = ../../../Table2Grid/T2GScrollView.swift; sourceTree = "<group>"; };
		E012858B1ADFF368007EA890 /* T2GViewController.swift */ = {isa = PBXFileReference; fileEncoding = 4; lastKnownFileType = sourcecode.swift; name = T2GViewController.swift; path = ../../../Table2Grid/T2GViewController.swift; sourceTree = "<group>"; };
		E05B617A1AF27AE400B1268F /* T2GTabBarViewController.swift */ = {isa = PBXFileReference; fileEncoding = 4; lastKnownFileType = sourcecode.swift; name = T2GTabBarViewController.swift; path = ../../../Table2Grid/T2GTabBarViewController.swift; sourceTree = "<group>"; };
		E05B61801AF28EAD00B1268F /* T2GTabBarTransition.swift */ = {isa = PBXFileReference; fileEncoding = 4; lastKnownFileType = sourcecode.swift; name = T2GTabBarTransition.swift; path = ../../../Table2Grid/T2GTabBarTransition.swift; sourceTree = "<group>"; };
		E0AA5C4F1AE64E59005ABFAA /* T2GDelimiterView.swift */ = {isa = PBXFileReference; fileEncoding = 4; lastKnownFileType = sourcecode.swift; name = T2GDelimiterView.swift; path = ../../../Table2Grid/T2GDelimiterView.swift; sourceTree = "<group>"; };
		E0AA5C531AE9194E005ABFAA /* T2GConstants.swift */ = {isa = PBXFileReference; fileEncoding = 4; lastKnownFileType = sourcecode.swift; name = T2GConstants.swift; path = ../../../Table2Grid/T2GConstants.swift; sourceTree = "<group>"; };
/* End PBXFileReference section */

/* Begin PBXFrameworksBuildPhase section */
		E012855B1ADFF345007EA890 /* Frameworks */ = {
			isa = PBXFrameworksBuildPhase;
			buildActionMask = 2147483647;
			files = (
			);
			runOnlyForDeploymentPostprocessing = 0;
		};
		E01285701ADFF345007EA890 /* Frameworks */ = {
			isa = PBXFrameworksBuildPhase;
			buildActionMask = 2147483647;
			files = (
			);
			runOnlyForDeploymentPostprocessing = 0;
		};
/* End PBXFrameworksBuildPhase section */

/* Begin PBXGroup section */
		E01285551ADFF345007EA890 = {
			isa = PBXGroup;
			children = (
				E01285601ADFF345007EA890 /* SingleView */,
				E01285761ADFF345007EA890 /* SingleViewTests */,
				E012855F1ADFF345007EA890 /* Products */,
			);
			sourceTree = "<group>";
		};
		E012855F1ADFF345007EA890 /* Products */ = {
			isa = PBXGroup;
			children = (
				E012855E1ADFF345007EA890 /* SingleView.app */,
				E01285731ADFF345007EA890 /* SingleViewTests.xctest */,
			);
			name = Products;
			sourceTree = "<group>";
		};
		E01285601ADFF345007EA890 /* SingleView */ = {
			isa = PBXGroup;
			children = (
				E01285831ADFF357007EA890 /* Table2Grid */,
				E01285631ADFF345007EA890 /* AppDelegate.swift */,
				E01285651ADFF345007EA890 /* ExampleViewController.swift */,
				E01285671ADFF345007EA890 /* Main.storyboard */,
				E012856A1ADFF345007EA890 /* Images.xcassets */,
				E012856C1ADFF345007EA890 /* LaunchScreen.xib */,
				E01285611ADFF345007EA890 /* Supporting Files */,
			);
			path = SingleView;
			sourceTree = "<group>";
		};
		E01285611ADFF345007EA890 /* Supporting Files */ = {
			isa = PBXGroup;
			children = (
				E01285621ADFF345007EA890 /* Info.plist */,
			);
			name = "Supporting Files";
			sourceTree = "<group>";
		};
		E01285761ADFF345007EA890 /* SingleViewTests */ = {
			isa = PBXGroup;
			children = (
				E01285791ADFF345007EA890 /* SingleViewTests.swift */,
				E01285771ADFF345007EA890 /* Supporting Files */,
			);
			path = SingleViewTests;
			sourceTree = "<group>";
		};
		E01285771ADFF345007EA890 /* Supporting Files */ = {
			isa = PBXGroup;
			children = (
				E01285781ADFF345007EA890 /* Info.plist */,
			);
			name = "Supporting Files";
			sourceTree = "<group>";
		};
		E01285831ADFF357007EA890 /* Table2Grid */ = {
			isa = PBXGroup;
			children = (
				E0AA5C531AE9194E005ABFAA /* T2GConstants.swift */,
				E00C88571AE5303000862938 /* T2GDragAndDropView.swift */,
				E01285841ADFF368007EA890 /* T2GCell.swift */,
				E0AA5C4F1AE64E59005ABFAA /* T2GDelimiterView.swift */,
				E01285851ADFF368007EA890 /* T2GCellDrawerButton.swift */,
				E01285861ADFF368007EA890 /* T2GCheckboxButton.swift */,
				E01285871ADFF368007EA890 /* T2GColoredButton.swift */,
				E01285881ADFF368007EA890 /* T2GNaviViewController.swift */,
				E05B617A1AF27AE400B1268F /* T2GTabBarViewController.swift */,
				E05B61801AF28EAD00B1268F /* T2GTabBarTransition.swift */,
				E01285891ADFF368007EA890 /* T2GScrollController.swift */,
				E012858A1ADFF368007EA890 /* T2GScrollView.swift */,
				E012858B1ADFF368007EA890 /* T2GViewController.swift */,
			);
			name = Table2Grid;
			sourceTree = "<group>";
		};
/* End PBXGroup section */

/* Begin PBXNativeTarget section */
		E012855D1ADFF345007EA890 /* SingleView */ = {
			isa = PBXNativeTarget;
			buildConfigurationList = E012857D1ADFF345007EA890 /* Build configuration list for PBXNativeTarget "SingleView" */;
			buildPhases = (
				E012855A1ADFF345007EA890 /* Sources */,
				E012855B1ADFF345007EA890 /* Frameworks */,
				E012855C1ADFF345007EA890 /* Resources */,
			);
			buildRules = (
			);
			dependencies = (
			);
			name = SingleView;
			productName = SingleView;
			productReference = E012855E1ADFF345007EA890 /* SingleView.app */;
			productType = "com.apple.product-type.application";
		};
		E01285721ADFF345007EA890 /* SingleViewTests */ = {
			isa = PBXNativeTarget;
			buildConfigurationList = E01285801ADFF345007EA890 /* Build configuration list for PBXNativeTarget "SingleViewTests" */;
			buildPhases = (
				E012856F1ADFF345007EA890 /* Sources */,
				E01285701ADFF345007EA890 /* Frameworks */,
				E01285711ADFF345007EA890 /* Resources */,
			);
			buildRules = (
			);
			dependencies = (
				E01285751ADFF345007EA890 /* PBXTargetDependency */,
			);
			name = SingleViewTests;
			productName = SingleViewTests;
			productReference = E01285731ADFF345007EA890 /* SingleViewTests.xctest */;
			productType = "com.apple.product-type.bundle.unit-test";
		};
/* End PBXNativeTarget section */

/* Begin PBXProject section */
		E01285561ADFF345007EA890 /* Project object */ = {
			isa = PBXProject;
			attributes = {
				LastUpgradeCheck = 0620;
				ORGANIZATIONNAME = "Michal Švácha";
				TargetAttributes = {
					E012855D1ADFF345007EA890 = {
						CreatedOnToolsVersion = 6.2;
					};
					E01285721ADFF345007EA890 = {
						CreatedOnToolsVersion = 6.2;
						TestTargetID = E012855D1ADFF345007EA890;
					};
				};
			};
			buildConfigurationList = E01285591ADFF345007EA890 /* Build configuration list for PBXProject "SingleView" */;
			compatibilityVersion = "Xcode 3.2";
			developmentRegion = English;
			hasScannedForEncodings = 0;
			knownRegions = (
				en,
				Base,
			);
			mainGroup = E01285551ADFF345007EA890;
			productRefGroup = E012855F1ADFF345007EA890 /* Products */;
			projectDirPath = "";
			projectRoot = "";
			targets = (
				E012855D1ADFF345007EA890 /* SingleView */,
				E01285721ADFF345007EA890 /* SingleViewTests */,
			);
		};
/* End PBXProject section */

/* Begin PBXResourcesBuildPhase section */
		E012855C1ADFF345007EA890 /* Resources */ = {
			isa = PBXResourcesBuildPhase;
			buildActionMask = 2147483647;
			files = (
				E01285691ADFF345007EA890 /* Main.storyboard in Resources */,
				E012856E1ADFF345007EA890 /* LaunchScreen.xib in Resources */,
				E012856B1ADFF345007EA890 /* Images.xcassets in Resources */,
			);
			runOnlyForDeploymentPostprocessing = 0;
		};
		E01285711ADFF345007EA890 /* Resources */ = {
			isa = PBXResourcesBuildPhase;
			buildActionMask = 2147483647;
			files = (
			);
			runOnlyForDeploymentPostprocessing = 0;
		};
/* End PBXResourcesBuildPhase section */

/* Begin PBXSourcesBuildPhase section */
		E012855A1ADFF345007EA890 /* Sources */ = {
			isa = PBXSourcesBuildPhase;
			buildActionMask = 2147483647;
			files = (
				E012858F1ADFF368007EA890 /* T2GColoredButton.swift in Sources */,
				E012858E1ADFF368007EA890 /* T2GCheckboxButton.swift in Sources */,
				E05B61811AF28EAD00B1268F /* T2GTabBarTransition.swift in Sources */,
				E0AA5C541AE9194E005ABFAA /* T2GConstants.swift in Sources */,
				E01285661ADFF345007EA890 /* ExampleViewController.swift in Sources */,
				E05B617B1AF27AE400B1268F /* T2GTabBarViewController.swift in Sources */,
				E01285641ADFF345007EA890 /* AppDelegate.swift in Sources */,
				E01285921ADFF368007EA890 /* T2GScrollView.swift in Sources */,
				E01285911ADFF368007EA890 /* T2GScrollController.swift in Sources */,
				E01285931ADFF368007EA890 /* T2GViewController.swift in Sources */,
				E012858D1ADFF368007EA890 /* T2GCellDrawerButton.swift in Sources */,
				E0AA5C501AE64E59005ABFAA /* T2GDelimiterView.swift in Sources */,
				E00C88581AE5303000862938 /* T2GDragAndDropView.swift in Sources */,
				E01285901ADFF368007EA890 /* T2GNaviViewController.swift in Sources */,
				E012858C1ADFF368007EA890 /* T2GCell.swift in Sources */,
			);
			runOnlyForDeploymentPostprocessing = 0;
		};
		E012856F1ADFF345007EA890 /* Sources */ = {
			isa = PBXSourcesBuildPhase;
			buildActionMask = 2147483647;
			files = (
				E012857A1ADFF345007EA890 /* SingleViewTests.swift in Sources */,
			);
			runOnlyForDeploymentPostprocessing = 0;
		};
/* End PBXSourcesBuildPhase section */

/* Begin PBXTargetDependency section */
		E01285751ADFF345007EA890 /* PBXTargetDependency */ = {
			isa = PBXTargetDependency;
			target = E012855D1ADFF345007EA890 /* SingleView */;
			targetProxy = E01285741ADFF345007EA890 /* PBXContainerItemProxy */;
		};
/* End PBXTargetDependency section */

/* Begin PBXVariantGroup section */
		E01285671ADFF345007EA890 /* Main.storyboard */ = {
			isa = PBXVariantGroup;
			children = (
				E01285681ADFF345007EA890 /* Base */,
			);
			name = Main.storyboard;
			sourceTree = "<group>";
		};
		E012856C1ADFF345007EA890 /* LaunchScreen.xib */ = {
			isa = PBXVariantGroup;
			children = (
				E012856D1ADFF345007EA890 /* Base */,
			);
			name = LaunchScreen.xib;
			sourceTree = "<group>";
		};
/* End PBXVariantGroup section */

/* Begin XCBuildConfiguration section */
		E012857B1ADFF345007EA890 /* Debug */ = {
			isa = XCBuildConfiguration;
			buildSettings = {
				ALWAYS_SEARCH_USER_PATHS = NO;
				CLANG_CXX_LANGUAGE_STANDARD = "gnu++0x";
				CLANG_CXX_LIBRARY = "libc++";
				CLANG_ENABLE_MODULES = YES;
				CLANG_ENABLE_OBJC_ARC = YES;
				CLANG_WARN_BOOL_CONVERSION = YES;
				CLANG_WARN_CONSTANT_CONVERSION = YES;
				CLANG_WARN_DIRECT_OBJC_ISA_USAGE = YES_ERROR;
				CLANG_WARN_EMPTY_BODY = YES;
				CLANG_WARN_ENUM_CONVERSION = YES;
				CLANG_WARN_INT_CONVERSION = YES;
				CLANG_WARN_OBJC_ROOT_CLASS = YES_ERROR;
				CLANG_WARN_UNREACHABLE_CODE = YES;
				CLANG_WARN__DUPLICATE_METHOD_MATCH = YES;
				"CODE_SIGN_IDENTITY[sdk=iphoneos*]" = "iPhone Developer";
				COPY_PHASE_STRIP = NO;
				ENABLE_STRICT_OBJC_MSGSEND = YES;
				GCC_C_LANGUAGE_STANDARD = gnu99;
				GCC_DYNAMIC_NO_PIC = NO;
				GCC_OPTIMIZATION_LEVEL = 0;
				GCC_PREPROCESSOR_DEFINITIONS = (
					"DEBUG=1",
					"$(inherited)",
				);
				GCC_SYMBOLS_PRIVATE_EXTERN = NO;
				GCC_WARN_64_TO_32_BIT_CONVERSION = YES;
				GCC_WARN_ABOUT_RETURN_TYPE = YES_ERROR;
				GCC_WARN_UNDECLARED_SELECTOR = YES;
				GCC_WARN_UNINITIALIZED_AUTOS = YES_AGGRESSIVE;
				GCC_WARN_UNUSED_FUNCTION = YES;
				GCC_WARN_UNUSED_VARIABLE = YES;
				IPHONEOS_DEPLOYMENT_TARGET = 8.2;
				MTL_ENABLE_DEBUG_INFO = YES;
				ONLY_ACTIVE_ARCH = YES;
				SDKROOT = iphoneos;
				SWIFT_OPTIMIZATION_LEVEL = "-Onone";
			};
			name = Debug;
		};
		E012857C1ADFF345007EA890 /* Release */ = {
			isa = XCBuildConfiguration;
			buildSettings = {
				ALWAYS_SEARCH_USER_PATHS = NO;
				CLANG_CXX_LANGUAGE_STANDARD = "gnu++0x";
				CLANG_CXX_LIBRARY = "libc++";
				CLANG_ENABLE_MODULES = YES;
				CLANG_ENABLE_OBJC_ARC = YES;
				CLANG_WARN_BOOL_CONVERSION = YES;
				CLANG_WARN_CONSTANT_CONVERSION = YES;
				CLANG_WARN_DIRECT_OBJC_ISA_USAGE = YES_ERROR;
				CLANG_WARN_EMPTY_BODY = YES;
				CLANG_WARN_ENUM_CONVERSION = YES;
				CLANG_WARN_INT_CONVERSION = YES;
				CLANG_WARN_OBJC_ROOT_CLASS = YES_ERROR;
				CLANG_WARN_UNREACHABLE_CODE = YES;
				CLANG_WARN__DUPLICATE_METHOD_MATCH = YES;
				"CODE_SIGN_IDENTITY[sdk=iphoneos*]" = "iPhone Developer";
				COPY_PHASE_STRIP = NO;
				ENABLE_NS_ASSERTIONS = NO;
				ENABLE_STRICT_OBJC_MSGSEND = YES;
				GCC_C_LANGUAGE_STANDARD = gnu99;
				GCC_WARN_64_TO_32_BIT_CONVERSION = YES;
				GCC_WARN_ABOUT_RETURN_TYPE = YES_ERROR;
				GCC_WARN_UNDECLARED_SELECTOR = YES;
				GCC_WARN_UNINITIALIZED_AUTOS = YES_AGGRESSIVE;
				GCC_WARN_UNUSED_FUNCTION = YES;
				GCC_WARN_UNUSED_VARIABLE = YES;
				IPHONEOS_DEPLOYMENT_TARGET = 8.2;
				MTL_ENABLE_DEBUG_INFO = NO;
				SDKROOT = iphoneos;
				VALIDATE_PRODUCT = YES;
			};
			name = Release;
		};
		E012857E1ADFF345007EA890 /* Debug */ = {
			isa = XCBuildConfiguration;
			buildSettings = {
				ASSETCATALOG_COMPILER_APPICON_NAME = AppIcon;
				INFOPLIST_FILE = SingleView/Info.plist;
				LD_RUNPATH_SEARCH_PATHS = "$(inherited) @executable_path/Frameworks";
				PRODUCT_NAME = "$(TARGET_NAME)";
			};
			name = Debug;
		};
		E012857F1ADFF345007EA890 /* Release */ = {
			isa = XCBuildConfiguration;
			buildSettings = {
				ASSETCATALOG_COMPILER_APPICON_NAME = AppIcon;
				INFOPLIST_FILE = SingleView/Info.plist;
				LD_RUNPATH_SEARCH_PATHS = "$(inherited) @executable_path/Frameworks";
				PRODUCT_NAME = "$(TARGET_NAME)";
			};
			name = Release;
		};
		E01285811ADFF345007EA890 /* Debug */ = {
			isa = XCBuildConfiguration;
			buildSettings = {
				BUNDLE_LOADER = "$(TEST_HOST)";
				FRAMEWORK_SEARCH_PATHS = (
					"$(SDKROOT)/Developer/Library/Frameworks",
					"$(inherited)",
				);
				GCC_PREPROCESSOR_DEFINITIONS = (
					"DEBUG=1",
					"$(inherited)",
				);
				INFOPLIST_FILE = SingleViewTests/Info.plist;
				LD_RUNPATH_SEARCH_PATHS = "$(inherited) @executable_path/Frameworks @loader_path/Frameworks";
				PRODUCT_NAME = "$(TARGET_NAME)";
				TEST_HOST = "$(BUILT_PRODUCTS_DIR)/SingleView.app/SingleView";
			};
			name = Debug;
		};
		E01285821ADFF345007EA890 /* Release */ = {
			isa = XCBuildConfiguration;
			buildSettings = {
				BUNDLE_LOADER = "$(TEST_HOST)";
				FRAMEWORK_SEARCH_PATHS = (
					"$(SDKROOT)/Developer/Library/Frameworks",
					"$(inherited)",
				);
				INFOPLIST_FILE = SingleViewTests/Info.plist;
				LD_RUNPATH_SEARCH_PATHS = "$(inherited) @executable_path/Frameworks @loader_path/Frameworks";
				PRODUCT_NAME = "$(TARGET_NAME)";
				TEST_HOST = "$(BUILT_PRODUCTS_DIR)/SingleView.app/SingleView";
			};
			name = Release;
		};
/* End XCBuildConfiguration section */

/* Begin XCConfigurationList section */
		E01285591ADFF345007EA890 /* Build configuration list for PBXProject "SingleView" */ = {
			isa = XCConfigurationList;
			buildConfigurations = (
				E012857B1ADFF345007EA890 /* Debug */,
				E012857C1ADFF345007EA890 /* Release */,
			);
			defaultConfigurationIsVisible = 0;
			defaultConfigurationName = Release;
		};
		E012857D1ADFF345007EA890 /* Build configuration list for PBXNativeTarget "SingleView" */ = {
			isa = XCConfigurationList;
			buildConfigurations = (
				E012857E1ADFF345007EA890 /* Debug */,
				E012857F1ADFF345007EA890 /* Release */,
			);
			defaultConfigurationIsVisible = 0;
			defaultConfigurationName = Release;
		};
		E01285801ADFF345007EA890 /* Build configuration list for PBXNativeTarget "SingleViewTests" */ = {
			isa = XCConfigurationList;
			buildConfigurations = (
				E01285811ADFF345007EA890 /* Debug */,
				E01285821ADFF345007EA890 /* Release */,
			);
			defaultConfigurationIsVisible = 0;
			defaultConfigurationName = Release;
		};
/* End XCConfigurationList section */
	};
	rootObject = E01285561ADFF345007EA890 /* Project object */;
}
